{
	"name": "@apollo-elements/hybrids",
	"version": "0.0.1",
	"lockfileVersion": 1,
	"requires": true,
	"dependencies": {
		"@webcomponents/custom-elements": {
			"version": "1.2.1",
			"resolved": "https://registry.npmjs.org/@webcomponents/custom-elements/-/custom-elements-1.2.1.tgz",
			"integrity": "sha512-flmTp4rVbBkcUIF3eBO3LNoAaYvleTdhPZKzdzr6iztWLLrxCctcK+7MAQeC3/SPjc3JDdC3jYLMRF4R6C3f9g=="
		},
		"@webcomponents/shadycss": {
			"version": "1.8.0",
			"resolved": "https://registry.npmjs.org/@webcomponents/shadycss/-/shadycss-1.8.0.tgz",
			"integrity": "sha512-bx0TzeZ11VqYDGLuXfznen8+4u0hADk2dD5RNMFxWL9MM4c5NXCDCgNXgssb4i2zQOos/GGe4tl5AuE0LzJkLA=="
		},
		"@webcomponents/shadydom": {
			"version": "1.4.1",
			"resolved": "https://registry.npmjs.org/@webcomponents/shadydom/-/shadydom-1.4.1.tgz",
			"integrity": "sha512-NosHtB/6ZjaJmKYxd2ofnWtgY/7VWXW378hvqZM5n0tUltpqbSUr4tIm6Wc35IzIgax4ebzIMLDJvCitlX8VOw=="
		},
		"@webcomponents/template": {
			"version": "1.4.0",
			"resolved": "https://registry.npmjs.org/@webcomponents/template/-/template-1.4.0.tgz",
			"integrity": "sha512-HJfhAxCD+DZmtm8oCALtvyOL9JlisSDqwE/4FWfaxq4SK3gUIp/2eUjLE6zqt9n6VHeo1zQjMTOA4fKKF6qSQg=="
		},
		"@webcomponents/webcomponents-platform": {
			"version": "1.0.0",
			"resolved": "https://registry.npmjs.org/@webcomponents/webcomponents-platform/-/webcomponents-platform-1.0.0.tgz",
			"integrity": "sha1-iHkUY4DdvsuGF+MiSX1Z53w/9Gg="
		},
		"core-js": {
			"version": "2.6.2",
			"resolved": "https://registry.npmjs.org/core-js/-/core-js-2.6.2.tgz",
			"integrity": "sha512-NdBPF/RVwPW6jr0NCILuyN9RiqLo2b1mddWHkUL+VnvcB7dzlnBJ1bXYntjpTGOgkZiiLWj2JxmOr7eGE3qK6g=="
		},
		"hybrids": {
			"version": "2.0.0",
			"resolved": "https://registry.npmjs.org/hybrids/-/hybrids-2.0.0.tgz",
			"integrity": "sha512-Q8zBFaq2fV97qVMIObeGJV5vUpSsbSlN+kUOwIzATAyQNFOsTx2xIowfOKELNFa/zHYG6dXXWCUlv0/6icibDA==",
			"requires": {
				"@webcomponents/custom-elements": "^1.2.1",
				"@webcomponents/shadycss": "^1.7.1",
				"@webcomponents/shadydom": "^1.3.1",
				"@webcomponents/template": "^1.4.0",
				"@webcomponents/webcomponents-platform": "^1.0.0",
				"core-js": "^2.6.1"
			}
		}
	}
}
