{
	"name": "@apollo-elements/mixins",
	"version": "1.0.0",
	"lockfileVersion": 1,
	"requires": true,
	"dependencies": {
		"apollo-client": {
			"version": "2.6.0",
			"resolved": "https://registry.npmjs.org/apollo-client/-/apollo-client-2.6.0.tgz",
			"integrity": "sha512-Z6oSD45vyw6maktMABXTaJliWdFJy4ihZGxbRh7rY65RWNz0HSm3IX66shLavdNqd4lpOcVuAufJl+w8u6RhLQ==",
			"requires": {
				"@types/zen-observable": "^0.8.0",
				"apollo-cache": "1.3.0",
				"apollo-link": "^1.0.0",
				"apollo-utilities": "1.3.0",
				"symbol-observable": "^1.0.2",
				"ts-invariant": "^0.4.0",
				"tslib": "^1.9.3",
				"zen-observable": "^0.8.0"
			},
			"dependencies": {
				"@types/zen-observable": {
					"version": "0.8.0",
					"resolved": "https://registry.npmjs.org/@types/zen-observable/-/zen-observable-0.8.0.tgz",
					"integrity": "sha512-te5lMAWii1uEJ4FwLjzdlbw3+n0FZNOvFXHxQDKeT0dilh7HOzdMzV2TrJVUzq8ep7J4Na8OUYPRLSQkJHAlrg=="
				},
				"apollo-cache": {
					"version": "1.3.0",
					"resolved": "https://registry.npmjs.org/apollo-cache/-/apollo-cache-1.3.0.tgz",
					"integrity": "sha512-voPlvSIDA2pY3+7QwtXPs7o5uSNAVjUKwimyHWoiW0MIZtPxawtOV/Y+BL85R227JqcjPic1El+QToVR8l4ytQ==",
					"requires": {
						"apollo-utilities": "^1.3.0",
						"tslib": "^1.9.3"
					}
				},
				"apollo-link": {
					"version": "1.2.11",
					"resolved": "https://registry.npmjs.org/apollo-link/-/apollo-link-1.2.11.tgz",
					"integrity": "sha512-PQvRCg13VduLy3X/0L79M6uOpTh5iHdxnxYuo8yL7sJlWybKRJwsv4IcRBJpMFbChOOaHY7Og9wgPo6DLKDKDA==",
					"requires": {
						"apollo-utilities": "^1.2.1",
						"ts-invariant": "^0.3.2",
						"tslib": "^1.9.3",
						"zen-observable-ts": "^0.8.18"
					},
					"dependencies": {
						"ts-invariant": {
							"version": "0.3.3",
							"resolved": "https://registry.npmjs.org/ts-invariant/-/ts-invariant-0.3.3.tgz",
							"integrity": "sha512-UReOKsrJFGC9tUblgSRWo+BsVNbEd77Cl6WiV/XpMlkifXwNIJbknViCucHvVZkXSC/mcWeRnIGdY7uprcwvdQ==",
							"requires": {
								"tslib": "^1.9.3"
							}
						}
					}
				},
				"apollo-utilities": {
					"version": "1.3.0",
					"resolved": "https://registry.npmjs.org/apollo-utilities/-/apollo-utilities-1.3.0.tgz",
					"integrity": "sha512-wQjV+FdWcTWmWUFlChG5rS0vHKy5OsXC6XlV9STRstQq6VbXANwHy6DHnTEQAfLXWAbNcPgBu+nBUpR3dFhwrA==",
					"requires": {
						"fast-json-stable-stringify": "^2.0.0",
						"ts-invariant": "^0.4.0",
						"tslib": "^1.9.3"
					}
				},
				"fast-json-stable-stringify": {
					"version": "2.0.0",
					"resolved": "https://registry.npmjs.org/fast-json-stable-stringify/-/fast-json-stable-stringify-2.0.0.tgz",
					"integrity": "sha1-1RQsDK7msRifh9OnYREGT4bIu/I="
				},
				"symbol-observable": {
					"version": "1.2.0",
					"resolved": "https://registry.npmjs.org/symbol-observable/-/symbol-observable-1.2.0.tgz",
					"integrity": "sha512-e900nM8RRtGhlV36KGEU9k65K3mPb1WV70OdjfxlG2EAuM1noi/E/BaW/uMhL7bPEssK8QV57vN3esixjUvcXQ=="
				},
				"ts-invariant": {
					"version": "0.4.2",
					"resolved": "https://registry.npmjs.org/ts-invariant/-/ts-invariant-0.4.2.tgz",
					"integrity": "sha512-PTAAn8lJPEdRBJJEs4ig6MVZWfO12yrFzV7YaPslmyhG7+4MA279y4BXT3f72gXeVl0mC1aAWq2rMX4eKTWU/Q==",
					"requires": {
						"tslib": "^1.9.3"
					}
				},
				"tslib": {
					"version": "1.9.3",
					"resolved": "https://registry.npmjs.org/tslib/-/tslib-1.9.3.tgz",
					"integrity": "sha512-4krF8scpejhaOgqzBEcGM7yDIEfi0/8+8zDRZhNZZ2kjmHJ4hv3zCbQWxoJGz1iw5U0Jl0nma13xzHXcncMavQ=="
				},
				"zen-observable": {
					"version": "0.8.14",
					"resolved": "https://registry.npmjs.org/zen-observable/-/zen-observable-0.8.14.tgz",
					"integrity": "sha512-kQz39uonEjEESwh+qCi83kcC3rZJGh4mrZW7xjkSQYXkq//JZHTtKo+6yuVloTgMtzsIWOJrjIrKvk/dqm0L5g=="
				},
				"zen-observable-ts": {
					"version": "0.8.18",
					"resolved": "https://registry.npmjs.org/zen-observable-ts/-/zen-observable-ts-0.8.18.tgz",
					"integrity": "sha512-q7d05s75Rn1j39U5Oapg3HI2wzriVwERVo4N7uFGpIYuHB9ff02P/E92P9B8T7QVC93jCMHpbXH7X0eVR5LA7A==",
					"requires": {
						"tslib": "^1.9.3",
						"zen-observable": "^0.8.0"
					}
				}
			}
		},
		"graphql": {
			"version": "14.3.1",
			"resolved": "https://registry.npmjs.org/graphql/-/graphql-14.3.1.tgz",
			"integrity": "sha512-FZm7kAa3FqKdXy8YSSpAoTtyDFMIYSpCDOr+3EqlI1bxmtHu+Vv/I2vrSeT1sBOEnEniX3uo4wFhFdS/8XN6gA==",
			"dev": true,
			"requires": {
				"iterall": "^1.2.2"
			},
			"dependencies": {
				"iterall": {
					"version": "1.2.2",
					"resolved": "https://registry.npmjs.org/iterall/-/iterall-1.2.2.tgz",
					"integrity": "sha512-yynBb1g+RFUPY64fTrFv7nsjRrENBQJaX2UL+2Szc9REFrSNm1rpSXHGzhmAy7a9uv3vlvgBlXnf9RqmPH1/DA==",
					"dev": true
				}
			}
		}
	}
}
