{
	"name": "@apollo-elements/lib",
	"version": "1.1.0",
	"lockfileVersion": 1,
	"requires": true,
	"dependencies": {
		"graphql": {
			"version": "14.4.1",
			"resolved": "https://registry.npmjs.org/graphql/-/graphql-14.4.1.tgz",
			"integrity": "sha512-g4HUH26CohlMjaHneXMAtvG3QtO6peJIUTFxrPW4g5LNnXkUuFoBI6Bk1c14Q5kW8+FyjM/tTbePTgpiVB/2hQ==",
			"requires": {
				"iterall": "^1.2.2"
			},
			"dependencies": {
				"iterall": {
					"version": "1.2.2",
					"resolved": "https://registry.npmjs.org/iterall/-/iterall-1.2.2.tgz",
					"integrity": "sha512-yynBb1g+RFUPY64fTrFv7nsjRrENBQJaX2UL+2Szc9REFrSNm1rpSXHGzhmAy7a9uv3vlvgBlXnf9RqmPH1/DA=="
				}
			}
		}
	}
}
