{
	"name": "@apollo-elements/lib",
	"version": "1.1.1",
	"lockfileVersion": 1,
	"requires": true,
	"dependencies": {
		"graphql": {
			"version": "14.5.4",
			"resolved": "https://registry.npmjs.org/graphql/-/graphql-14.5.4.tgz",
			"integrity": "sha512-dPLvHoxy5m9FrkqWczPPRnH0X80CyvRE6e7Fa5AWEqEAzg9LpxHvKh24po/482E6VWHigOkAmb4xCp6P9yT9gw==",
			"requires": {
				"iterall": "^1.2.2"
			},
			"dependencies": {
				"iterall": {
					"version": "1.2.2",
					"resolved": "https://registry.npmjs.org/iterall/-/iterall-1.2.2.tgz",
					"integrity": "sha512-yynBb1g+RFUPY64fTrFv7nsjRrENBQJaX2UL+2Szc9REFrSNm1rpSXHGzhmAy7a9uv3vlvgBlXnf9RqmPH1/DA=="
				}
			}
		}
	}
}
