{
	"name": "@apollo-elements/test-helpers",
	"version": "0.0.1",
	"lockfileVersion": 1,
	"requires": true,
	"dependencies": {
		"graphql-tag": {
			"version": "2.10.1",
			"resolved": "https://registry.npmjs.org/graphql-tag/-/graphql-tag-2.10.1.tgz",
			"integrity": "sha512-jApXqWBzNXQ8jYa/HLkZJaVw9jgwNqZkywa2zfFn16Iv1Zb7ELNHkJaXHR7Quvd5SIGsy6Ny7SUKATgnu05uEg=="
		}
	}
}
