{
	"name": "@apollo-elements/test-helpers",
	"version": "0.0.1",
	"lockfileVersion": 1,
	"requires": true,
	"dependencies": {
		"crocks": {
			"version": "0.9.4",
			"resolved": "https://registry.npmjs.org/crocks/-/crocks-0.9.4.tgz",
			"integrity": "sha512-iREmN0zHcPibmgP13F/z+PgR7R5Sam4Uf57jsp9Erdvj8dI7EMUHb1bj7mugnX0sGVA6ukAxw2bTuJ+xTad7Vw=="
		},
		"graphql-tag": {
			"version": "2.10.0",
			"resolved": "https://registry.npmjs.org/graphql-tag/-/graphql-tag-2.10.0.tgz",
			"integrity": "sha512-9FD6cw976TLLf9WYIUPCaaTpniawIjHWZSwIRZSjrfufJamcXbVVYfN2TWvJYbw0Xf2JjYbl1/f2+wDnBVw3/w=="
		}
	}
}
