{
	"name": "@apollo-elements/gluon",
	"version": "0.0.1",
	"lockfileVersion": 1,
	"requires": true,
	"dependencies": {
		"@gluon/gluon": {
			"version": "2.5.1",
			"resolved": "https://registry.npmjs.org/@gluon/gluon/-/gluon-2.5.1.tgz",
			"integrity": "sha512-X53ybuGsbmHmBae2hgrx1HUWYUhQUvHNbYOQGhVIFqxe4gvIihAV9pqSfO6BiBOB5RVqvtUwY7RymLuYIYYhIg==",
			"requires": {
				"lit-html": "^0.12.0"
			}
		},
		"lit-html": {
			"version": "0.12.0",
			"resolved": "https://registry.npmjs.org/lit-html/-/lit-html-0.12.0.tgz",
			"integrity": "sha512-NyFgq8yTlGEjUFQOmNnK/kj+ZdDVJzTwsLunNSewGiOns7SjuJi6ymCCqzZZ81uW2VwEmliMbOlFZc9QmOJPLA=="
		}
	}
}
