{
	"name": "@apollo-elements/gluon",
	"version": "0.0.1",
	"lockfileVersion": 1,
	"requires": true,
	"dependencies": {
		"@apollo-elements/mixins": {
			"version": "0.0.1",
			"requires": {
				"@apollo-elements/lib": "^0.0.1",
				"crocks": "^0.9.4"
			},
			"dependencies": {
				"@apollo-elements/lib": {
					"version": "0.0.1",
					"bundled": true,
					"requires": {
						"crocks": "^0.9.4",
						"graphql-tag": "^2.10.1"
					},
					"dependencies": {
						"@apollo-elements/test-helpers": {
							"bundled": true,
							"requires": {
								"@types/crocks": "^0.0.1"
							},
							"dependencies": {
								"@types/crocks": {
									"version": "0.0.1",
									"bundled": true,
									"dependencies": {
										"builtin-modules": {
											"version": "3.0.0",
											"bundled": true
										},
										"is-module": {
											"version": "1.0.0",
											"bundled": true
										},
										"path-parse": {
											"version": "1.0.6",
											"bundled": true
										},
										"resolve": {
											"version": "1.9.0",
											"bundled": true,
											"requires": {
												"path-parse": "^1.0.6"
											}
										},
										"rollup-plugin-node-resolve": {
											"version": "4.0.0",
											"bundled": true,
											"requires": {
												"builtin-modules": "^3.0.0",
												"is-module": "^1.0.0",
												"resolve": "^1.8.1"
											}
										}
									}
								},
								"graphql-tag": {
									"version": "2.10.1",
									"bundled": true
								}
							}
						},
						"@types/crocks": {
							"bundled": true,
							"dependencies": {
								"builtin-modules": {
									"version": "3.0.0",
									"bundled": true
								},
								"is-module": {
									"version": "1.0.0",
									"bundled": true
								},
								"path-parse": {
									"version": "1.0.6",
									"bundled": true
								},
								"resolve": {
									"version": "1.9.0",
									"bundled": true,
									"requires": {
										"path-parse": "^1.0.6"
									}
								},
								"rollup-plugin-node-resolve": {
									"version": "4.0.0",
									"bundled": true,
									"requires": {
										"builtin-modules": "^3.0.0",
										"is-module": "^1.0.0",
										"resolve": "^1.8.1"
									}
								}
							}
						},
						"crocks": {
							"version": "0.9.4",
							"bundled": true
						},
						"graphql-tag": {
							"version": "2.10.1",
							"bundled": true
						}
					}
				},
				"@apollo-elements/test-helpers": {
					"bundled": true,
					"requires": {
						"@types/crocks": "^0.0.1"
					},
					"dependencies": {
						"@types/crocks": {
							"version": "0.0.1",
							"bundled": true,
							"dependencies": {}
						},
						"graphql-tag": {
							"version": "2.10.1",
							"bundled": true
						}
					}
				},
				"@types/crocks": {
					"bundled": true,
					"dependencies": {
						"builtin-modules": {
							"version": "3.0.0",
							"bundled": true
						},
						"is-module": {
							"version": "1.0.0",
							"bundled": true
						},
						"path-parse": {
							"version": "1.0.6",
							"bundled": true
						},
						"resolve": {
							"version": "1.9.0",
							"bundled": true,
							"requires": {
								"path-parse": "^1.0.6"
							}
						},
						"rollup-plugin-node-resolve": {
							"version": "4.0.0",
							"bundled": true,
							"requires": {
								"builtin-modules": "^3.0.0",
								"is-module": "^1.0.0",
								"resolve": "^1.8.1"
							}
						}
					}
				},
				"crocks": {
					"version": "0.9.4",
					"bundled": true
				}
			}
		},
		"@apollo-elements/test-helpers": {
			"version": "0.0.1",
			"dev": true,
			"requires": {
				"@types/crocks": "^0.0.1"
			},
			"dependencies": {
				"@types/crocks": {
					"version": "0.0.1",
					"bundled": true,
					"dependencies": {}
				},
				"graphql-tag": {
					"version": "2.10.1",
					"bundled": true
				}
			}
		},
		"@types/crocks": {
			"version": "0.0.1",
			"dev": true,
			"dependencies": {
				"builtin-modules": {
					"version": "3.0.0",
					"bundled": true
				},
				"is-module": {
					"version": "1.0.0",
					"bundled": true
				},
				"path-parse": {
					"version": "1.0.6",
					"bundled": true
				},
				"resolve": {
					"version": "1.9.0",
					"bundled": true,
					"requires": {
						"path-parse": "^1.0.6"
					}
				},
				"rollup-plugin-node-resolve": {
					"version": "4.0.0",
					"bundled": true,
					"requires": {
						"builtin-modules": "^3.0.0",
						"is-module": "^1.0.0",
						"resolve": "^1.8.1"
					}
				}
			}
		}
	}
}
